
Microsoft Visual Studio Solution File, Format Version 12.00
# Visual Studio Version 17
VisualStudioVersion = 17.10.35122.118
MinimumVisualStudioVersion = 10.0.40219.1
Project("{2150E333-8FDC-42A3-9474-1A3956D46DE8}") = "src", "src", "{8A4E8054-0995-46E2-88B4-8A546B30AAAF}"
EndProject
Project("{2150E333-8FDC-42A3-9474-1A3956D46DE8}") = "Customer", "Customer", "{C3C12FB9-C01A-4594-A998-E303E4EF5B18}"
EndProject
Project("{2150E333-8FDC-42A3-9474-1A3956D46DE8}") = "Catalog", "Catalog", "{9F68FA9B-0C39-4855-BA29-1B7506E9B4FF}"
EndProject
Project("{2150E333-8FDC-42A3-9474-1A3956D46DE8}") = "Authentication", "Authentication", "{1EBFF5A0-5F62-4F6D-ACCF-04987DC13E1D}"
EndProject
Project("{2150E333-8FDC-42A3-9474-1A3956D46DE8}") = "Services", "Services", "{49B02940-2C23-4621-81D2-F8FB70347BE6}"
EndProject
Project("{2150E333-8FDC-42A3-9474-1A3956D46DE8}") = "Web", "Web", "{A7ED8FC5-91ED-4F40-B6AF-8145D8E100E8}"
EndProject
Project("{2150E333-8FDC-42A3-9474-1A3956D46DE8}") = "BuildingBlocks", "BuildingBlocks", "{2DE10F1C-4CBE-4B37-9958-4717A5EE98D6}"
EndProject
Project("{2150E333-8FDC-42A3-9474-1A3956D46DE8}") = "ShopCart", "ShopCart", "{5EF17307-3CE4-4CC4-B718-21D1FDC06CD7}"
EndProject
Project("{9A19103F-16F7-4668-BE54-9A1E7A4F7556}") = "Store.Authentication.API", "Src\Services\Authentication\Store.Authentication.API\Store.Authentication.API.csproj", "{24CEF653-3C10-4342-A499-C68E22DB151D}"
EndProject
Project("{9A19103F-16F7-4668-BE54-9A1E7A4F7556}") = "Store.Customer.API", "Src\Services\Customer\Store.Customer.API\Store.Customer.API.csproj", "{034A043F-3FD4-47B7-BD0C-11EFFEA98160}"
EndProject
Project("{9A19103F-16F7-4668-BE54-9A1E7A4F7556}") = "Store.Catalog.API", "Src\Services\Catalog\Store.Catalog.API\Store.Catalog.API.csproj", "{4940CC6D-A9CB-40D6-A4DB-3FA4C8E8BC98}"
EndProject
Project("{9A19103F-16F7-4668-BE54-9A1E7A4F7556}") = "Store.ShopCart.API", "Src\Services\ShopCart\Store.ShopCart.API\Store.ShopCart.API.csproj", "{796781D2-231D-4041-9A87-03CFB09DFE76}"
EndProject
Project("{2150E333-8FDC-42A3-9474-1A3956D46DE8}") = "ApiGateways", "ApiGateways", "{063CC9DC-9E39-4AFD-9581-A91E69F9B15E}"
EndProject
Project("{2150E333-8FDC-42A3-9474-1A3956D46DE8}") = "Order", "Order", "{5F7FAF47-26E2-4B4F-917E-CB1CAABB4B43}"
EndProject
Project("{9A19103F-16F7-4668-BE54-9A1E7A4F7556}") = "Store.Orders.API", "Src\Services\Order\Store.Orders.API\Store.Orders.API.csproj", "{B7069660-032C-4EC2-A471-E54CB0313C66}"
EndProject
Project("{9A19103F-16F7-4668-BE54-9A1E7A4F7556}") = "Store.Orders.Domain", "Src\Services\Order\Store.Orders.Domain\Store.Orders.Domain.csproj", "{8C3DA183-A204-4C53-9CB1-A083D7C436AB}"
EndProject
Project("{9A19103F-16F7-4668-BE54-9A1E7A4F7556}") = "Store.Orders.Infra", "Src\Services\Order\Store.Orders.Infra\Store.Orders.Infra.csproj", "{3B94F7A1-D4E3-4917-9169-C992DD1A0575}"
EndProject
Project("{2150E333-8FDC-42A3-9474-1A3956D46DE8}") = "Payment", "Payment", "{4F2ADC3D-38B9-43A2-9B30-66B7FBC39F81}"
EndProject
Project("{9A19103F-16F7-4668-BE54-9A1E7A4F7556}") = "Store.Payment.Pay", "Src\Services\Payment\Store.Payment.Pay\Store.Payment.Pay.csproj", "{25D95904-4778-4264-B220-7081CC7FA3B9}"
EndProject
Project("{9A19103F-16F7-4668-BE54-9A1E7A4F7556}") = "Store.Payment.API", "Src\Services\Payment\Store.Payment.API\Store.Payment.API.csproj", "{3FECDFE2-E873-4BD8-8090-6368F3AB23AB}"
EndProject
Project("{9A19103F-16F7-4668-BE54-9A1E7A4F7556}") = "Front.MVC", "Src\Web\Front.MVC\Front.MVC.csproj", "{A6496C01-AA19-4015-ACDF-D0E5BE24FF91}"
EndProject
Project("{9A19103F-16F7-4668-BE54-9A1E7A4F7556}") = "Core", "Src\BuildingBlocks\Core\Core.csproj", "{4052695E-2C8B-406C-B5EA-56110DA6CB8E}"
EndProject
Project("{9A19103F-16F7-4668-BE54-9A1E7A4F7556}") = "MessageBus", "Src\BuildingBlocks\MessageBus\MessageBus.csproj", "{8A626052-3512-44D8-AACD-0DA51CD9C4F9}"
EndProject
Project("{9A19103F-16F7-4668-BE54-9A1E7A4F7556}") = "Store.Bff.Checkout.API", "Src\ApiGateways\Store.Bff.Checkout.API\Store.Bff.Checkout.API.csproj", "{80C11719-9551-408F-9521-1A22B22B0C16}"
EndProject
Global
	GlobalSection(SolutionConfigurationPlatforms) = preSolution
		Debug|Any CPU = Debug|Any CPU
		Release|Any CPU = Release|Any CPU
	EndGlobalSection
	GlobalSection(ProjectConfigurationPlatforms) = postSolution
		{24CEF653-3C10-4342-A499-C68E22DB151D}.Debug|Any CPU.ActiveCfg = Debug|Any CPU
		{24CEF653-3C10-4342-A499-C68E22DB151D}.Debug|Any CPU.Build.0 = Debug|Any CPU
		{24CEF653-3C10-4342-A499-C68E22DB151D}.Release|Any CPU.ActiveCfg = Release|Any CPU
		{24CEF653-3C10-4342-A499-C68E22DB151D}.Release|Any CPU.Build.0 = Release|Any CPU
		{034A043F-3FD4-47B7-BD0C-11EFFEA98160}.Debug|Any CPU.ActiveCfg = Debug|Any CPU
		{034A043F-3FD4-47B7-BD0C-11EFFEA98160}.Debug|Any CPU.Build.0 = Debug|Any CPU
		{034A043F-3FD4-47B7-BD0C-11EFFEA98160}.Release|Any CPU.ActiveCfg = Release|Any CPU
		{034A043F-3FD4-47B7-BD0C-11EFFEA98160}.Release|Any CPU.Build.0 = Release|Any CPU
		{4940CC6D-A9CB-40D6-A4DB-3FA4C8E8BC98}.Debug|Any CPU.ActiveCfg = Debug|Any CPU
		{4940CC6D-A9CB-40D6-A4DB-3FA4C8E8BC98}.Debug|Any CPU.Build.0 = Debug|Any CPU
		{4940CC6D-A9CB-40D6-A4DB-3FA4C8E8BC98}.Release|Any CPU.ActiveCfg = Release|Any CPU
		{4940CC6D-A9CB-40D6-A4DB-3FA4C8E8BC98}.Release|Any CPU.Build.0 = Release|Any CPU
		{796781D2-231D-4041-9A87-03CFB09DFE76}.Debug|Any CPU.ActiveCfg = Debug|Any CPU
		{796781D2-231D-4041-9A87-03CFB09DFE76}.Debug|Any CPU.Build.0 = Debug|Any CPU
		{796781D2-231D-4041-9A87-03CFB09DFE76}.Release|Any CPU.ActiveCfg = Release|Any CPU
		{796781D2-231D-4041-9A87-03CFB09DFE76}.Release|Any CPU.Build.0 = Release|Any CPU
		{B7069660-032C-4EC2-A471-E54CB0313C66}.Debug|Any CPU.ActiveCfg = Debug|Any CPU
		{B7069660-032C-4EC2-A471-E54CB0313C66}.Debug|Any CPU.Build.0 = Debug|Any CPU
		{B7069660-032C-4EC2-A471-E54CB0313C66}.Release|Any CPU.ActiveCfg = Release|Any CPU
		{B7069660-032C-4EC2-A471-E54CB0313C66}.Release|Any CPU.Build.0 = Release|Any CPU
		{8C3DA183-A204-4C53-9CB1-A083D7C436AB}.Debug|Any CPU.ActiveCfg = Debug|Any CPU
		{8C3DA183-A204-4C53-9CB1-A083D7C436AB}.Debug|Any CPU.Build.0 = Debug|Any CPU
		{8C3DA183-A204-4C53-9CB1-A083D7C436AB}.Release|Any CPU.ActiveCfg = Release|Any CPU
		{8C3DA183-A204-4C53-9CB1-A083D7C436AB}.Release|Any CPU.Build.0 = Release|Any CPU
		{3B94F7A1-D4E3-4917-9169-C992DD1A0575}.Debug|Any CPU.ActiveCfg = Debug|Any CPU
		{3B94F7A1-D4E3-4917-9169-C992DD1A0575}.Debug|Any CPU.Build.0 = Debug|Any CPU
		{3B94F7A1-D4E3-4917-9169-C992DD1A0575}.Release|Any CPU.ActiveCfg = Release|Any CPU
		{3B94F7A1-D4E3-4917-9169-C992DD1A0575}.Release|Any CPU.Build.0 = Release|Any CPU
		{25D95904-4778-4264-B220-7081CC7FA3B9}.Debug|Any CPU.ActiveCfg = Debug|Any CPU
		{25D95904-4778-4264-B220-7081CC7FA3B9}.Debug|Any CPU.Build.0 = Debug|Any CPU
		{25D95904-4778-4264-B220-7081CC7FA3B9}.Release|Any CPU.ActiveCfg = Release|Any CPU
		{25D95904-4778-4264-B220-7081CC7FA3B9}.Release|Any CPU.Build.0 = Release|Any CPU
		{3FECDFE2-E873-4BD8-8090-6368F3AB23AB}.Debug|Any CPU.ActiveCfg = Debug|Any CPU
		{3FECDFE2-E873-4BD8-8090-6368F3AB23AB}.Debug|Any CPU.Build.0 = Debug|Any CPU
		{3FECDFE2-E873-4BD8-8090-6368F3AB23AB}.Release|Any CPU.ActiveCfg = Release|Any CPU
		{3FECDFE2-E873-4BD8-8090-6368F3AB23AB}.Release|Any CPU.Build.0 = Release|Any CPU
		{A6496C01-AA19-4015-ACDF-D0E5BE24FF91}.Debug|Any CPU.ActiveCfg = Debug|Any CPU
		{A6496C01-AA19-4015-ACDF-D0E5BE24FF91}.Debug|Any CPU.Build.0 = Debug|Any CPU
		{A6496C01-AA19-4015-ACDF-D0E5BE24FF91}.Release|Any CPU.ActiveCfg = Release|Any CPU
		{A6496C01-AA19-4015-ACDF-D0E5BE24FF91}.Release|Any CPU.Build.0 = Release|Any CPU
		{4052695E-2C8B-406C-B5EA-56110DA6CB8E}.Debug|Any CPU.ActiveCfg = Debug|Any CPU
		{4052695E-2C8B-406C-B5EA-56110DA6CB8E}.Debug|Any CPU.Build.0 = Debug|Any CPU
		{4052695E-2C8B-406C-B5EA-56110DA6CB8E}.Release|Any CPU.ActiveCfg = Release|Any CPU
		{4052695E-2C8B-406C-B5EA-56110DA6CB8E}.Release|Any CPU.Build.0 = Release|Any CPU
		{8A626052-3512-44D8-AACD-0DA51CD9C4F9}.Debug|Any CPU.ActiveCfg = Debug|Any CPU
		{8A626052-3512-44D8-AACD-0DA51CD9C4F9}.Debug|Any CPU.Build.0 = Debug|Any CPU
		{8A626052-3512-44D8-AACD-0DA51CD9C4F9}.Release|Any CPU.ActiveCfg = Release|Any CPU
		{8A626052-3512-44D8-AACD-0DA51CD9C4F9}.Release|Any CPU.Build.0 = Release|Any CPU
		{80C11719-9551-408F-9521-1A22B22B0C16}.Debug|Any CPU.ActiveCfg = Debug|Any CPU
		{80C11719-9551-408F-9521-1A22B22B0C16}.Debug|Any CPU.Build.0 = Debug|Any CPU
		{80C11719-9551-408F-9521-1A22B22B0C16}.Release|Any CPU.ActiveCfg = Release|Any CPU
		{80C11719-9551-408F-9521-1A22B22B0C16}.Release|Any CPU.Build.0 = Release|Any CPU
	EndGlobalSection
	GlobalSection(SolutionProperties) = preSolution
		HideSolutionNode = FALSE
	EndGlobalSection
	GlobalSection(NestedProjects) = preSolution
		{C3C12FB9-C01A-4594-A998-E303E4EF5B18} = {49B02940-2C23-4621-81D2-F8FB70347BE6}
		{9F68FA9B-0C39-4855-BA29-1B7506E9B4FF} = {49B02940-2C23-4621-81D2-F8FB70347BE6}
		{1EBFF5A0-5F62-4F6D-ACCF-04987DC13E1D} = {49B02940-2C23-4621-81D2-F8FB70347BE6}
		{49B02940-2C23-4621-81D2-F8FB70347BE6} = {8A4E8054-0995-46E2-88B4-8A546B30AAAF}
		{A7ED8FC5-91ED-4F40-B6AF-8145D8E100E8} = {8A4E8054-0995-46E2-88B4-8A546B30AAAF}
		{2DE10F1C-4CBE-4B37-9958-4717A5EE98D6} = {8A4E8054-0995-46E2-88B4-8A546B30AAAF}
		{5EF17307-3CE4-4CC4-B718-21D1FDC06CD7} = {49B02940-2C23-4621-81D2-F8FB70347BE6}
		{24CEF653-3C10-4342-A499-C68E22DB151D} = {1EBFF5A0-5F62-4F6D-ACCF-04987DC13E1D}
		{034A043F-3FD4-47B7-BD0C-11EFFEA98160} = {C3C12FB9-C01A-4594-A998-E303E4EF5B18}
		{4940CC6D-A9CB-40D6-A4DB-3FA4C8E8BC98} = {9F68FA9B-0C39-4855-BA29-1B7506E9B4FF}
		{796781D2-231D-4041-9A87-03CFB09DFE76} = {5EF17307-3CE4-4CC4-B718-21D1FDC06CD7}
		{063CC9DC-9E39-4AFD-9581-A91E69F9B15E} = {8A4E8054-0995-46E2-88B4-8A546B30AAAF}
		{5F7FAF47-26E2-4B4F-917E-CB1CAABB4B43} = {49B02940-2C23-4621-81D2-F8FB70347BE6}
		{B7069660-032C-4EC2-A471-E54CB0313C66} = {5F7FAF47-26E2-4B4F-917E-CB1CAABB4B43}
		{8C3DA183-A204-4C53-9CB1-A083D7C436AB} = {5F7FAF47-26E2-4B4F-917E-CB1CAABB4B43}
		{3B94F7A1-D4E3-4917-9169-C992DD1A0575} = {5F7FAF47-26E2-4B4F-917E-CB1CAABB4B43}
		{4F2ADC3D-38B9-43A2-9B30-66B7FBC39F81} = {49B02940-2C23-4621-81D2-F8FB70347BE6}
		{25D95904-4778-4264-B220-7081CC7FA3B9} = {4F2ADC3D-38B9-43A2-9B30-66B7FBC39F81}
		{3FECDFE2-E873-4BD8-8090-6368F3AB23AB} = {4F2ADC3D-38B9-43A2-9B30-66B7FBC39F81}
		{A6496C01-AA19-4015-ACDF-D0E5BE24FF91} = {A7ED8FC5-91ED-4F40-B6AF-8145D8E100E8}
		{4052695E-2C8B-406C-B5EA-56110DA6CB8E} = {2DE10F1C-4CBE-4B37-9958-4717A5EE98D6}
		{8A626052-3512-44D8-AACD-0DA51CD9C4F9} = {2DE10F1C-4CBE-4B37-9958-4717A5EE98D6}
		{80C11719-9551-408F-9521-1A22B22B0C16} = {063CC9DC-9E39-4AFD-9581-A91E69F9B15E}
	EndGlobalSection
	GlobalSection(ExtensibilityGlobals) = postSolution
		SolutionGuid = {17C09766-8B7E-43F7-8B69-7C029D677A2F}
	EndGlobalSection
EndGlobal
